{
  "nodes": {
    "flake-utils": {
      "locked": {
        "lastModified": 1649676176,
        "narHash": "sha256-OWKJratjt2RW151VUlJPRALb7OU2S5s+f0vLj4o1bHM=",
        "owner": "numtide",
        "repo": "flake-utils",
        "rev": "a4b154ebbdc88c8498a5c7b01589addc9e9cb678",
        "type": "github"
      },
      "original": {
        "owner": "numtide",
        "repo": "flake-utils",
        "type": "github"
      }
    },
    "fstar-source": {
      "flake": false,
      "locked": {
        "lastModified": 1652077385,
        "narHash": "sha256-J/duaEzEvKNyxwfKaAcPBuPilO0xi7koPeyFZCh7kMo=",
        "owner": "FStarLang",
        "repo": "FStar",
        "rev": "9c74a60fbc9d16c7c38d3ae30dbfe8f4c7c1a8e2",
        "type": "github"
      },
      "original": {
        "owner": "FStarLang",
        "repo": "FStar",
        "type": "github"
      }
    },
    "nixpkgs": {
      "locked": {
        "lastModified": 1645296114,
        "narHash": "sha256-y53N7TyIkXsjMpOG7RhvqJFGDacLs9HlyHeSTBioqYU=",
        "owner": "NixOS",
        "repo": "nixpkgs",
        "rev": "530a53dcbc9437363471167a5e4762c5fcfa34a1",
        "type": "github"
      },
      "original": {
        "owner": "NixOS",
        "ref": "nixos-21.05",
        "repo": "nixpkgs",
        "type": "github"
      }
    },
    "nixpkgs-unstable": {
      "locked": {
        "lastModified": 1651726670,
        "narHash": "sha256-dSGdzB49SEvdOJvrQWfQYkAefewXraHIV08Vz6iDXWQ=",
        "owner": "NixOS",
        "repo": "nixpkgs",
        "rev": "c777cdf5c564015d5f63b09cc93bef4178b19b01",
        "type": "github"
      },
      "original": {
        "owner": "NixOS",
        "ref": "nixos-unstable",
        "repo": "nixpkgs",
        "type": "github"
      }
    },
    "root": {
      "inputs": {
        "flake-utils": "flake-utils",
        "fstar-source": "fstar-source",
        "nixpkgs": "nixpkgs",
        "nixpkgs-unstable": "nixpkgs-unstable"
      }
    }
  },
  "root": "root",
  "version": 7
}
