{
  "nodes": {
    "flake-utils": {
      "locked": {
        "lastModified": 1614513358,
        "narHash": "sha256-LakhOx3S1dRjnh0b5Dg3mbZyH0ToC9I8Y2wKSkBaTzU=",
        "owner": "numtide",
        "repo": "flake-utils",
        "rev": "5466c5bbece17adaab2d82fae80b46e807611bf3",
        "type": "github"
      },
      "original": {
        "owner": "numtide",
        "repo": "flake-utils",
        "type": "github"
      }
    },
    "fstar-source": {
      "flake": false,
      "locked": {
        "lastModified": 1616412028,
        "narHash": "sha256-44hA8TIfFnH86C5NImivsqCQF0esHqQ2ocFQi3n3fJY=",
        "owner": "FStarLang",
        "repo": "FStar",
        "rev": "c671957efe8769b8fc421cd3e9da47b3fa57d510",
        "type": "github"
      },
      "original": {
        "owner": "FStarLang",
        "repo": "FStar",
        "type": "github"
      }
    },
    "nixpkgs": {
      "locked": {
        "lastModified": 1616305499,
        "narHash": "sha256-WArUDrAuqq9jNLNJI0hBClleALaCysA40WBbQHQlqLg=",
        "owner": "NixOS",
        "repo": "nixpkgs",
        "rev": "9b8530e3721fc008bacac61b6c50a29712ee2f2f",
        "type": "github"
      },
      "original": {
        "owner": "NixOS",
        "ref": "nixos-20.09",
        "repo": "nixpkgs",
        "type": "github"
      }
    },
    "nixpkgs-unstable": {
      "locked": {
        "lastModified": 1616779317,
        "narHash": "sha256-+mUTkYguFMNGb57JkwauDgjcq65RnOLUhDo4mhb8qAI=",
        "owner": "NixOS",
        "repo": "nixpkgs",
        "rev": "ad47284f8b01f587e24a4f14e0f93126d8ebecda",
        "type": "github"
      },
      "original": {
        "owner": "NixOS",
        "ref": "nixos-unstable",
        "repo": "nixpkgs",
        "type": "github"
      }
    },
    "root": {
      "inputs": {
        "flake-utils": "flake-utils",
        "fstar-source": "fstar-source",
        "nixpkgs": "nixpkgs",
        "nixpkgs-unstable": "nixpkgs-unstable"
      }
    }
  },
  "root": "root",
  "version": 7
}
